// !$*UTF8*$!
{
	archiveVersion = 1;
	classes = {
	};
	objectVersion = 46;
	objects = {

/* Begin PBXBuildFile section */
		0D99C191B034C4D834621307 /* Pods_CameraRecord.framework in Frameworks */ = {isa = PBXBuildFile; fileRef = AB65155B5C1E95587172FE37 /* Pods_CameraRecord.framework */; };
		EB01D7331D9D5D6D00274AEA /* AppDelegate.swift in Sources */ = {isa = PBXBuildFile; fileRef = EB01D7321D9D5D6D00274AEA /* AppDelegate.swift */; };
		EB01D7351D9D5D6D00274AEA /* ViewController.swift in Sources */ = {isa = PBXBuildFile; fileRef = EB01D7341D9D5D6D00274AEA /* ViewController.swift */; };
		EB01D7381D9D5D6D00274AEA /* Main.storyboard in Resources */ = {isa = PBXBuildFile; fileRef = EB01D7361D9D5D6D00274AEA /* Main.storyboard */; };
		EB01D73A1D9D5D6D00274AEA /* Assets.xcassets in Resources */ = {isa = PBXBuildFile; fileRef = EB01D7391D9D5D6D00274AEA /* Assets.xcassets */; };
		EB01D73D1D9D5D6D00274AEA /* LaunchScreen.storyboard in Resources */ = {isa = PBXBuildFile; fileRef = EB01D73B1D9D5D6D00274AEA /* LaunchScreen.storyboard */; };
		EB01D7451D9D665800274AEA /* CameraView.swift in Sources */ = {isa = PBXBuildFile; fileRef = EB01D7441D9D665800274AEA /* CameraView.swift */; };
		EB01D7471D9D833700274AEA /* PlayerView.swift in Sources */ = {isa = PBXBuildFile; fileRef = EB01D7461D9D833700274AEA /* PlayerView.swift */; };
		EB01D7491D9D835A00274AEA /* PlayerViewController.swift in Sources */ = {isa = PBXBuildFile; fileRef = EB01D7481D9D835A00274AEA /* PlayerViewController.swift */; };
		EB01D74C1D9D855900274AEA /* Player.storyboard in Resources */ = {isa = PBXBuildFile; fileRef = EB01D74A1D9D855900274AEA /* Player.storyboard */; };
/* End PBXBuildFile section */

/* Begin PBXFileReference section */
		9D03B4ACA2BAF42181503F86 /* Pods-CameraRecord.debug.xcconfig */ = {isa = PBXFileReference; includeInIndex = 1; lastKnownFileType = text.xcconfig; name = "Pods-CameraRecord.debug.xcconfig"; path = "Pods/Target Support Files/Pods-CameraRecord/Pods-CameraRecord.debug.xcconfig"; sourceTree = "<group>"; };
		AB65155B5C1E95587172FE37 /* Pods_CameraRecord.framework */ = {isa = PBXFileReference; explicitFileType = wrapper.framework; includeInIndex = 0; path = Pods_CameraRecord.framework; sourceTree = BUILT_PRODUCTS_DIR; };
		EB01D72F1D9D5D6D00274AEA /* CameraRecord.app */ = {isa = PBXFileReference; explicitFileType = wrapper.application; includeInIndex = 0; path = CameraRecord.app; sourceTree = BUILT_PRODUCTS_DIR; };
		EB01D7321D9D5D6D00274AEA /* AppDelegate.swift */ = {isa = PBXFileReference; lastKnownFileType = sourcecode.swift; path = AppDelegate.swift; sourceTree = "<group>"; };
		EB01D7341D9D5D6D00274AEA /* ViewController.swift */ = {isa = PBXFileReference; lastKnownFileType = sourcecode.swift; path = ViewController.swift; sourceTree = "<group>"; };
		EB01D7371D9D5D6D00274AEA /* Base */ = {isa = PBXFileReference; lastKnownFileType = file.storyboard; name = Base; path = Base.lproj/Main.storyboard; sourceTree = "<group>"; };
		EB01D7391D9D5D6D00274AEA /* Assets.xcassets */ = {isa = PBXFileReference; lastKnownFileType = folder.assetcatalog; path = Assets.xcassets; sourceTree = "<group>"; };
		EB01D73C1D9D5D6D00274AEA /* Base */ = {isa = PBXFileReference; lastKnownFileType = file.storyboard; name = Base; path = Base.lproj/LaunchScreen.storyboard; sourceTree = "<group>"; };
		EB01D73E1D9D5D6D00274AEA /* Info.plist */ = {isa = PBXFileReference; lastKnownFileType = text.plist.xml; path = Info.plist; sourceTree = "<group>"; };
		EB01D7441D9D665800274AEA /* CameraView.swift */ = {isa = PBXFileReference; fileEncoding = 4; lastKnownFileType = sourcecode.swift; path = CameraView.swift; sourceTree = "<group>"; };
		EB01D7461D9D833700274AEA /* PlayerView.swift */ = {isa = PBXFileReference; fileEncoding = 4; lastKnownFileType = sourcecode.swift; path = PlayerView.swift; sourceTree = "<group>"; };
		EB01D7481D9D835A00274AEA /* PlayerViewController.swift */ = {isa = PBXFileReference; fileEncoding = 4; lastKnownFileType = sourcecode.swift; path = PlayerViewController.swift; sourceTree = "<group>"; };
		EB01D74B1D9D855900274AEA /* Base */ = {isa = PBXFileReference; lastKnownFileType = file.storyboard; name = Base; path = Base.lproj/Player.storyboard; sourceTree = "<group>"; };
		FC6D663AB7A136B7DFCE28E7 /* Pods-CameraRecord.release.xcconfig */ = {isa = PBXFileReference; includeInIndex = 1; lastKnownFileType = text.xcconfig; name = "Pods-CameraRecord.release.xcconfig"; path = "Pods/Target Support Files/Pods-CameraRecord/Pods-CameraRecord.release.xcconfig"; sourceTree = "<group>"; };
/* End PBXFileReference section */

/* Begin PBXFrameworksBuildPhase section */
		EB01D72C1D9D5D6C00274AEA /* Frameworks */ = {
			isa = PBXFrameworksBuildPhase;
			buildActionMask = 2147483647;
			files = (
				0D99C191B034C4D834621307 /* Pods_CameraRecord.framework in Frameworks */,
			);
			runOnlyForDeploymentPostprocessing = 0;
		};
/* End PBXFrameworksBuildPhase section */

/* Begin PBXGroup section */
		2E05B53694F76D0214E03F4C /* Pods */ = {
			isa = PBXGroup;
			children = (
				9D03B4ACA2BAF42181503F86 /* Pods-CameraRecord.debug.xcconfig */,
				FC6D663AB7A136B7DFCE28E7 /* Pods-CameraRecord.release.xcconfig */,
			);
			name = Pods;
			sourceTree = "<group>";
		};
		EB01D7261D9D5D6C00274AEA = {
			isa = PBXGroup;
			children = (
				EB01D7311D9D5D6D00274AEA /* CameraRecord */,
				EB01D7301D9D5D6D00274AEA /* Products */,
				2E05B53694F76D0214E03F4C /* Pods */,
				F891A9C0170C9A158843F128 /* Frameworks */,
			);
			sourceTree = "<group>";
		};
		EB01D7301D9D5D6D00274AEA /* Products */ = {
			isa = PBXGroup;
			children = (
				EB01D72F1D9D5D6D00274AEA /* CameraRecord.app */,
			);
			name = Products;
			sourceTree = "<group>";
		};
		EB01D7311D9D5D6D00274AEA /* CameraRecord */ = {
			isa = PBXGroup;
			children = (
				EB01D7321D9D5D6D00274AEA /* AppDelegate.swift */,
				EB01D7341D9D5D6D00274AEA /* ViewController.swift */,
				EB01D7361D9D5D6D00274AEA /* Main.storyboard */,
				EB01D74A1D9D855900274AEA /* Player.storyboard */,
				EB01D7391D9D5D6D00274AEA /* Assets.xcassets */,
				EB01D73B1D9D5D6D00274AEA /* LaunchScreen.storyboard */,
				EB01D73E1D9D5D6D00274AEA /* Info.plist */,
				EB01D7441D9D665800274AEA /* CameraView.swift */,
				EB01D7461D9D833700274AEA /* PlayerView.swift */,
				EB01D7481D9D835A00274AEA /* PlayerViewController.swift */,
			);
			path = CameraRecord;
			sourceTree = "<group>";
		};
		F891A9C0170C9A158843F128 /* Frameworks */ = {
			isa = PBXGroup;
			children = (
				AB65155B5C1E95587172FE37 /* Pods_CameraRecord.framework */,
			);
			name = Frameworks;
			sourceTree = "<group>";
		};
/* End PBXGroup section */

/* Begin PBXNativeTarget section */
		EB01D72E1D9D5D6C00274AEA /* CameraRecord */ = {
			isa = PBXNativeTarget;
			buildConfigurationList = EB01D7411D9D5D6D00274AEA /* Build configuration list for PBXNativeTarget "CameraRecord" */;
			buildPhases = (
				742CB0C40C638D46AA8F9331 /* [CP] Check Pods Manifest.lock */,
				EB01D72B1D9D5D6C00274AEA /* Sources */,
				EB01D72C1D9D5D6C00274AEA /* Frameworks */,
				EB01D72D1D9D5D6C00274AEA /* Resources */,
				73F5442CF42C3058BC000D01 /* [CP] Embed Pods Frameworks */,
				443EBDFA44E8DA69FFC0E9CB /* [CP] Copy Pods Resources */,
			);
			buildRules = (
			);
			dependencies = (
			);
			name = CameraRecord;
			productName = CameraRecord;
			productReference = EB01D72F1D9D5D6D00274AEA /* CameraRecord.app */;
			productType = "com.apple.product-type.application";
		};
/* End PBXNativeTarget section */

/* Begin PBXProject section */
		EB01D7271D9D5D6C00274AEA /* Project object */ = {
			isa = PBXProject;
			attributes = {
				LastSwiftUpdateCheck = 0800;
				LastUpgradeCheck = 0800;
				ORGANIZATIONNAME = HTKInc;
				TargetAttributes = {
					EB01D72E1D9D5D6C00274AEA = {
						CreatedOnToolsVersion = 8.0;
						DevelopmentTeam = LR8XGHFLF8;
						ProvisioningStyle = Automatic;
					};
				};
			};
			buildConfigurationList = EB01D72A1D9D5D6C00274AEA /* Build configuration list for PBXProject "CameraRecord" */;
			compatibilityVersion = "Xcode 3.2";
			developmentRegion = English;
			hasScannedForEncodings = 0;
			knownRegions = (
				en,
				Base,
			);
			mainGroup = EB01D7261D9D5D6C00274AEA;
			productRefGroup = EB01D7301D9D5D6D00274AEA /* Products */;
			projectDirPath = "";
			projectRoot = "";
			targets = (
				EB01D72E1D9D5D6C00274AEA /* CameraRecord */,
			);
		};
/* End PBXProject section */

/* Begin PBXResourcesBuildPhase section */
		EB01D72D1D9D5D6C00274AEA /* Resources */ = {
			isa = PBXResourcesBuildPhase;
			buildActionMask = 2147483647;
			files = (
				EB01D73D1D9D5D6D00274AEA /* LaunchScreen.storyboard in Resources */,
				EB01D74C1D9D855900274AEA /* Player.storyboard in Resources */,
				EB01D73A1D9D5D6D00274AEA /* Assets.xcassets in Resources */,
				EB01D7381D9D5D6D00274AEA /* Main.storyboard in Resources */,
			);
			runOnlyForDeploymentPostprocessing = 0;
		};
/* End PBXResourcesBuildPhase section */

/* Begin PBXShellScriptBuildPhase section */
		443EBDFA44E8DA69FFC0E9CB /* [CP] Copy Pods Resources */ = {
			isa = PBXShellScriptBuildPhase;
			buildActionMask = 2147483647;
			files = (
			);
			inputPaths = (
			);
			name = "[CP] Copy Pods Resources";
			outputPaths = (
			);
			runOnlyForDeploymentPostprocessing = 0;
			shellPath = /bin/sh;
			shellScript = "\"${SRCROOT}/Pods/Target Support Files/Pods-CameraRecord/Pods-CameraRecord-resources.sh\"\n";
			showEnvVarsInLog = 0;
		};
		73F5442CF42C3058BC000D01 /* [CP] Embed Pods Frameworks */ = {
			isa = PBXShellScriptBuildPhase;
			buildActionMask = 2147483647;
			files = (
			);
			inputPaths = (
			);
			name = "[CP] Embed Pods Frameworks";
			outputPaths = (
			);
			runOnlyForDeploymentPostprocessing = 0;
			shellPath = /bin/sh;
			shellScript = "\"${SRCROOT}/Pods/Target Support Files/Pods-CameraRecord/Pods-CameraRecord-frameworks.sh\"\n";
			showEnvVarsInLog = 0;
		};
		742CB0C40C638D46AA8F9331 /* [CP] Check Pods Manifest.lock */ = {
			isa = PBXShellScriptBuildPhase;
			buildActionMask = 2147483647;
			files = (
			);
			inputPaths = (
			);
			name = "[CP] Check Pods Manifest.lock";
			outputPaths = (
			);
			runOnlyForDeploymentPostprocessing = 0;
			shellPath = /bin/sh;
			shellScript = "diff \"${PODS_ROOT}/../Podfile.lock\" \"${PODS_ROOT}/Manifest.lock\" > /dev/null\nif [ $? != 0 ] ; then\n    # print error to STDERR\n    echo \"error: The sandbox is not in sync with the Podfile.lock. Run 'pod install' or update your CocoaPods installation.\" >&2\n    exit 1\nfi\n";
			showEnvVarsInLog = 0;
		};
/* End PBXShellScriptBuildPhase section */

/* Begin PBXSourcesBuildPhase section */
		EB01D72B1D9D5D6C00274AEA /* Sources */ = {
			isa = PBXSourcesBuildPhase;
			buildActionMask = 2147483647;
			files = (
				EB01D7451D9D665800274AEA /* CameraView.swift in Sources */,
				EB01D7351D9D5D6D00274AEA /* ViewController.swift in Sources */,
				EB01D7331D9D5D6D00274AEA /* AppDelegate.swift in Sources */,
				EB01D7471D9D833700274AEA /* PlayerView.swift in Sources */,
				EB01D7491D9D835A00274AEA /* PlayerViewController.swift in Sources */,
			);
			runOnlyForDeploymentPostprocessing = 0;
		};
/* End PBXSourcesBuildPhase section */

/* Begin PBXVariantGroup section */
		EB01D7361D9D5D6D00274AEA /* Main.storyboard */ = {
			isa = PBXVariantGroup;
			children = (
				EB01D7371D9D5D6D00274AEA /* Base */,
			);
			name = Main.storyboard;
			sourceTree = "<group>";
		};
		EB01D73B1D9D5D6D00274AEA /* LaunchScreen.storyboard */ = {
			isa = PBXVariantGroup;
			children = (
				EB01D73C1D9D5D6D00274AEA /* Base */,
			);
			name = LaunchScreen.storyboard;
			sourceTree = "<group>";
		};
		EB01D74A1D9D855900274AEA /* Player.storyboard */ = {
			isa = PBXVariantGroup;
			children = (
				EB01D74B1D9D855900274AEA /* Base */,
			);
			name = Player.storyboard;
			sourceTree = "<group>";
		};
/* End PBXVariantGroup section */

/* Begin XCBuildConfiguration section */
		EB01D73F1D9D5D6D00274AEA /* Debug */ = {
			isa = XCBuildConfiguration;
			buildSettings = {
				ALWAYS_SEARCH_USER_PATHS = NO;
				CLANG_ANALYZER_NONNULL = YES;
				CLANG_CXX_LANGUAGE_STANDARD = "gnu++0x";
				CLANG_CXX_LIBRARY = "libc++";
				CLANG_ENABLE_MODULES = YES;
				CLANG_ENABLE_OBJC_ARC = YES;
				CLANG_WARN_BOOL_CONVERSION = YES;
				CLANG_WARN_CONSTANT_CONVERSION = YES;
				CLANG_WARN_DIRECT_OBJC_ISA_USAGE = YES_ERROR;
				CLANG_WARN_DOCUMENTATION_COMMENTS = YES;
				CLANG_WARN_EMPTY_BODY = YES;
				CLANG_WARN_ENUM_CONVERSION = YES;
				CLANG_WARN_INFINITE_RECURSION = YES;
				CLANG_WARN_INT_CONVERSION = YES;
				CLANG_WARN_OBJC_ROOT_CLASS = YES_ERROR;
				CLANG_WARN_SUSPICIOUS_MOVES = YES;
				CLANG_WARN_UNREACHABLE_CODE = YES;
				CLANG_WARN__DUPLICATE_METHOD_MATCH = YES;
				"CODE_SIGN_IDENTITY[sdk=iphoneos*]" = "iPhone Developer";
				COPY_PHASE_STRIP = NO;
				DEBUG_INFORMATION_FORMAT = dwarf;
				ENABLE_STRICT_OBJC_MSGSEND = YES;
				ENABLE_TESTABILITY = YES;
				GCC_C_LANGUAGE_STANDARD = gnu99;
				GCC_DYNAMIC_NO_PIC = NO;
				GCC_NO_COMMON_BLOCKS = YES;
				GCC_OPTIMIZATION_LEVEL = 0;
				GCC_PREPROCESSOR_DEFINITIONS = (
					"DEBUG=1",
					"$(inherited)",
				);
				GCC_WARN_64_TO_32_BIT_CONVERSION = YES;
				GCC_WARN_ABOUT_RETURN_TYPE = YES_ERROR;
				GCC_WARN_UNDECLARED_SELECTOR = YES;
				GCC_WARN_UNINITIALIZED_AUTOS = YES_AGGRESSIVE;
				GCC_WARN_UNUSED_FUNCTION = YES;
				GCC_WARN_UNUSED_VARIABLE = YES;
				IPHONEOS_DEPLOYMENT_TARGET = 10.0;
				MTL_ENABLE_DEBUG_INFO = YES;
				ONLY_ACTIVE_ARCH = YES;
				SDKROOT = iphoneos;
				SWIFT_ACTIVE_COMPILATION_CONDITIONS = DEBUG;
				SWIFT_OPTIMIZATION_LEVEL = "-Onone";
				TARGETED_DEVICE_FAMILY = "1,2";
			};
			name = Debug;
		};
		EB01D7401D9D5D6D00274AEA /* Release */ = {
			isa = XCBuildConfiguration;
			buildSettings = {
				ALWAYS_SEARCH_USER_PATHS = NO;
				CLANG_ANALYZER_NONNULL = YES;
				CLANG_CXX_LANGUAGE_STANDARD = "gnu++0x";
				CLANG_CXX_LIBRARY = "libc++";
				CLANG_ENABLE_MODULES = YES;
				CLANG_ENABLE_OBJC_ARC = YES;
				CLANG_WARN_BOOL_CONVERSION = YES;
				CLANG_WARN_CONSTANT_CONVERSION = YES;
				CLANG_WARN_DIRECT_OBJC_ISA_USAGE = YES_ERROR;
				CLANG_WARN_DOCUMENTATION_COMMENTS = YES;
				CLANG_WARN_EMPTY_BODY = YES;
				CLANG_WARN_ENUM_CONVERSION = YES;
				CLANG_WARN_INFINITE_RECURSION = YES;
				CLANG_WARN_INT_CONVERSION = YES;
				CLANG_WARN_OBJC_ROOT_CLASS = YES_ERROR;
				CLANG_WARN_SUSPICIOUS_MOVES = YES;
				CLANG_WARN_UNREACHABLE_CODE = YES;
				CLANG_WARN__DUPLICATE_METHOD_MATCH = YES;
				"CODE_SIGN_IDENTITY[sdk=iphoneos*]" = "iPhone Developer";
				COPY_PHASE_STRIP = NO;
				DEBUG_INFORMATION_FORMAT = "dwarf-with-dsym";
				ENABLE_NS_ASSERTIONS = NO;
				ENABLE_STRICT_OBJC_MSGSEND = YES;
				GCC_C_LANGUAGE_STANDARD = gnu99;
				GCC_NO_COMMON_BLOCKS = YES;
				GCC_WARN_64_TO_32_BIT_CONVERSION = YES;
				GCC_WARN_ABOUT_RETURN_TYPE = YES_ERROR;
				GCC_WARN_UNDECLARED_SELECTOR = YES;
				GCC_WARN_UNINITIALIZED_AUTOS = YES_AGGRESSIVE;
				GCC_WARN_UNUSED_FUNCTION = YES;
				GCC_WARN_UNUSED_VARIABLE = YES;
				IPHONEOS_DEPLOYMENT_TARGET = 10.0;
				MTL_ENABLE_DEBUG_INFO = NO;
				SDKROOT = iphoneos;
				SWIFT_OPTIMIZATION_LEVEL = "-Owholemodule";
				TARGETED_DEVICE_FAMILY = "1,2";
				VALIDATE_PRODUCT = YES;
			};
			name = Release;
		};
		EB01D7421D9D5D6D00274AEA /* Debug */ = {
			isa = XCBuildConfiguration;
			baseConfigurationReference = 9D03B4ACA2BAF42181503F86 /* Pods-CameraRecord.debug.xcconfig */;
			buildSettings = {
				ASSETCATALOG_COMPILER_APPICON_NAME = AppIcon;
				DEVELOPMENT_TEAM = LR8XGHFLF8;
				INFOPLIST_FILE = CameraRecord/Info.plist;
				IPHONEOS_DEPLOYMENT_TARGET = 10.0;
				LD_RUNPATH_SEARCH_PATHS = "$(inherited) @executable_path/Frameworks";
				PRODUCT_BUNDLE_IDENTIFIER = lam.dev.CameraRecord;
				PRODUCT_NAME = "$(TARGET_NAME)";
				SWIFT_VERSION = 3.0;
				TARGETED_DEVICE_FAMILY = 1;
			};
			name = Debug;
		};
		EB01D7431D9D5D6D00274AEA /* Release */ = {
			isa = XCBuildConfiguration;
			baseConfigurationReference = FC6D663AB7A136B7DFCE28E7 /* Pods-CameraRecord.release.xcconfig */;
			buildSettings = {
				ASSETCATALOG_COMPILER_APPICON_NAME = AppIcon;
				DEVELOPMENT_TEAM = LR8XGHFLF8;
				INFOPLIST_FILE = CameraRecord/Info.plist;
				IPHONEOS_DEPLOYMENT_TARGET = 10.0;
				LD_RUNPATH_SEARCH_PATHS = "$(inherited) @executable_path/Frameworks";
				PRODUCT_BUNDLE_IDENTIFIER = lam.dev.CameraRecord;
				PRODUCT_NAME = "$(TARGET_NAME)";
				SWIFT_VERSION = 3.0;
				TARGETED_DEVICE_FAMILY = 1;
			};
			name = Release;
		};
/* End XCBuildConfiguration section */

/* Begin XCConfigurationList section */
		EB01D72A1D9D5D6C00274AEA /* Build configuration list for PBXProject "CameraRecord" */ = {
			isa = XCConfigurationList;
			buildConfigurations = (
				EB01D73F1D9D5D6D00274AEA /* Debug */,
				EB01D7401D9D5D6D00274AEA /* Release */,
			);
			defaultConfigurationIsVisible = 0;
			defaultConfigurationName = Release;
		};
		EB01D7411D9D5D6D00274AEA /* Build configuration list for PBXNativeTarget "CameraRecord" */ = {
			isa = XCConfigurationList;
			buildConfigurations = (
				EB01D7421D9D5D6D00274AEA /* Debug */,
				EB01D7431D9D5D6D00274AEA /* Release */,
			);
			defaultConfigurationIsVisible = 0;
			defaultConfigurationName = Release;
		};
/* End XCConfigurationList section */
	};
	rootObject = EB01D7271D9D5D6C00274AEA /* Project object */;
}
